
Microsoft Visual Studio Solution File, Format Version 12.00
# Visual Studio Version 17
VisualStudioVersion = 17.10.35013.160
MinimumVisualStudioVersion = 10.0.40219.1
Project("{8BC9CEB8-8B4A-11D0-8D11-00A0C91BC942}") = "Soundex", "Soundex.vcxproj", "{36ADB7A3-726C-4037-A368-C138BC7346FA}"
EndProject
Global
	GlobalSection(SolutionConfigurationPlatforms) = preSolution
		Debug|x64 = Debug|x64
		Debug|x86 = Debug|x86
		Release|x64 = Release|x64
		Release|x86 = Release|x86
	EndGlobalSection
	GlobalSection(ProjectConfigurationPlatforms) = postSolution
		{36ADB7A3-726C-4037-A368-C138BC7346FA}.Debug|x64.ActiveCfg = Debug|x64
		{36ADB7A3-726C-4037-A368-C138BC7346FA}.Debug|x64.Build.0 = Debug|x64
		{36ADB7A3-726C-4037-A368-C138BC7346FA}.Debug|x86.ActiveCfg = Debug|Win32
		{36ADB7A3-726C-4037-A368-C138BC7346FA}.Debug|x86.Build.0 = Debug|Win32
		{36ADB7A3-726C-4037-A368-C138BC7346FA}.Release|x64.ActiveCfg = Release|x64
		{36ADB7A3-726C-4037-A368-C138BC7346FA}.Release|x64.Build.0 = Release|x64
		{36ADB7A3-726C-4037-A368-C138BC7346FA}.Release|x86.ActiveCfg = Release|Win32
		{36ADB7A3-726C-4037-A368-C138BC7346FA}.Release|x86.Build.0 = Release|Win32
	EndGlobalSection
	GlobalSection(SolutionProperties) = preSolution
		HideSolutionNode = FALSE
	EndGlobalSection
	GlobalSection(ExtensibilityGlobals) = postSolution
		SolutionGuid = {6D45B763-AF6B-423F-A315-7C80DE9E8534}
	EndGlobalSection
EndGlobal
